lockfileVersion: '9.0'

settings:
  autoInstallPeers: true
  excludeLinksFromLockfile: false

importers:

  .:
    dependencies:
      '@types/node':
        specifier: ^22.15.3
        version: 22.15.3
      golem-base-sdk-ts:
        specifier: link:..
        version: link:..
      tslog:
        specifier: ^4.9.3
        version: 4.9.3
      xdg-portable:
        specifier: ^10.6.0
        version: 10.6.0

packages:

  '@types/node@22.15.3':
    resolution: {integrity: sha512-lX7HFZeHf4QG/J7tBZqrCAXwz9J5RD56Y6MpP0eJkka8p+K0RY/yBTW7CYFJ4VGCclxqOLKmiGP5juQc6MKgcw==}

  fsevents@2.3.3:
    resolution: {integrity: sha512-5xoDfX+fL7faATnagmWPpbFtwh/R77WmMMqqHGS65C3vvB0YHrgF+B1YmZ3441tMj5n63k0212XNoJwzlhffQw==}
    engines: {node: ^8.16.0 || ^10.6.0 || >=11.0.0}
    os: [darwin]

  os-paths@7.4.0:
    resolution: {integrity: sha512-Ux1J4NUqC6tZayBqLN1kUlDAEvLiQlli/53sSddU4IN+h+3xxnv2HmRSMpVSvr1hvJzotfMs3ERvETGK+f4OwA==}
    engines: {node: '>= 4.0'}

  tslog@4.9.3:
    resolution: {integrity: sha512-oDWuGVONxhVEBtschLf2cs/Jy8i7h1T+CpdkTNWQgdAF7DhRo2G8vMCgILKe7ojdEkLhICWgI1LYSSKaJsRgcw==}
    engines: {node: '>=16'}

  undici-types@6.21.0:
    resolution: {integrity: sha512-iwDZqg0QAGrg9Rav5H4n0M64c3mkR59cJ6wQp+7C4nI0gsmExaedaYLNO44eT4AtBBwjbTiGPMlt2Md0T9H9JQ==}

  xdg-portable@10.6.0:
    resolution: {integrity: sha512-xrcqhWDvtZ7WLmt8G4f3hHy37iK7D2idtosRgkeiSPZEPmBShp0VfmRBLWAPC6zLF48APJ21yfea+RfQMF4/Aw==}
    engines: {node: '>= 4.0'}

snapshots:

  '@types/node@22.15.3':
    dependencies:
      undici-types: 6.21.0

  fsevents@2.3.3:
    optional: true

  os-paths@7.4.0:
    optionalDependencies:
      fsevents: 2.3.3

  tslog@4.9.3: {}

  undici-types@6.21.0: {}

  xdg-portable@10.6.0:
    dependencies:
      os-paths: 7.4.0
    optionalDependencies:
      fsevents: 2.3.3
